
Microsoft Visual Studio Solution File, Format Version 12.00
# Visual Studio Version 17
VisualStudioVersion = 17.3.32819.101
MinimumVisualStudioVersion = 10.0.40219.1
Project("{FAE04EC0-301F-11D3-BF4B-00C04F79EFBC}") = "AdventOfCode2022", "AdventOfCode2022.csproj", "{4581CB10-42A8-4C90-9525-E34433B27587}"
EndProject
Global
	GlobalSection(SolutionConfigurationPlatforms) = preSolution
		Debug|Any CPU = Debug|Any CPU
		Release|Any CPU = Release|Any CPU
	EndGlobalSection
	GlobalSection(ProjectConfigurationPlatforms) = postSolution
		{4581CB10-42A8-4C90-9525-E34433B27587}.Debug|Any CPU.ActiveCfg = Debug|Any CPU
		{4581CB10-42A8-4C90-9525-E34433B27587}.Debug|Any CPU.Build.0 = Debug|Any CPU
		{4581CB10-42A8-4C90-9525-E34433B27587}.Release|Any CPU.ActiveCfg = Release|Any CPU
		{4581CB10-42A8-4C90-9525-E34433B27587}.Release|Any CPU.Build.0 = Release|Any CPU
	EndGlobalSection
	GlobalSection(SolutionProperties) = preSolution
		HideSolutionNode = FALSE
	EndGlobalSection
	GlobalSection(ExtensibilityGlobals) = postSolution
		SolutionGuid = {C5C2EBA6-33EA-46A9-81DC-241F11DE95CC}
	EndGlobalSection
EndGlobal
